github.com/Gipcomp/win32 v0.0.0-20211025134203-fe889e073b13 h1:qUwa2H7DJN99dp4BzRYiA5O3o3UxqIA/2ztzxX70fLQ=
github.com/Gipcomp/win32 v0.0.0-20211025134203-fe889e073b13/go.mod h1:Gbq1F5f5ChenfLcbREUJoXyTpYtBdofqBLknL3BeSGA=
golang.org/x/sys v0.0.0-20211007075335-d3039528d8ac/go.mod h1:oPkhp1MJrh7nUepCBck5+mAzfO9JrbApNNgaTdGDITg=
golang.org/x/sys v0.0.0-20211025112917-711f33c9992c h1:i4MLwL3EbCgobekQtkVW94UBSPLMadfEGtKq+CAFsEU=
golang.org/x/sys v0.0.0-20211025112917-711f33c9992c/go.mod h1:oPkhp1MJrh7nUepCBck5+mAzfO9JrbApNNgaTdGDITg=
gopkg.in/Knetic/govaluate.v3 v3.0.0 h1:18mUyIt4ZlRlFZAAfVetz4/rzlJs9yhN+U02F4u1AOc=
gopkg.in/Knetic/govaluate.v3 v3.0.0/go.mod h1:csKLBORsPbafmSCGTEh3U7Ozmsuq8ZSIlKk1bcqph0E=
